PODS:
  - Capacitor (6.2.1):
    - CapacitorCordova
  - CapacitorCordova (6.2.1)
  - CapacitorFilesystem (6.0.4):
    - Capacitor
  - CapacitorShare (6.0.4):
    - Capacitor
  - PurchasesHybridCommon (17.26.0):
    - RevenueCat (= 5.52.0)
  - RevenueCat (5.52.0)
  - RevenuecatPurchasesCapacitor (12.0.1):
    - Capacitor
    - PurchasesHybridCommon (= 17.26.0)

DEPENDENCIES:
  - "Capacitor (from `../../node_modules/@capacitor/ios`)"
  - "CapacitorCordova (from `../../node_modules/@capacitor/ios`)"
  - "CapacitorFilesystem (from `../../node_modules/@capacitor/filesystem`)"
  - "CapacitorShare (from `../../node_modules/@capacitor/share`)"
  - "RevenuecatPurchasesCapacitor (from `../../node_modules/@revenuecat/purchases-capacitor`)"

SPEC REPOS:
  trunk:
    - PurchasesHybridCommon
    - RevenueCat

EXTERNAL SOURCES:
  Capacitor:
    :path: "../../node_modules/@capacitor/ios"
  CapacitorCordova:
    :path: "../../node_modules/@capacitor/ios"
  CapacitorFilesystem:
    :path: "../../node_modules/@capacitor/filesystem"
  CapacitorShare:
    :path: "../../node_modules/@capacitor/share"
  RevenuecatPurchasesCapacitor:
    :path: "../../node_modules/@revenuecat/purchases-capacitor"

SPEC CHECKSUMS:
  Capacitor: c95400d761e376be9da6be5a05f226c0e865cebf
  CapacitorCordova: 8d93e14982f440181be7304aa9559ca631d77fff
  CapacitorFilesystem: 5b9aec35c0212bd0064e26d278c93e925864f212
  CapacitorShare: 77ff779e3b7c6ae9fb5461e52cf7ef805d429491
  PurchasesHybridCommon: 93399cb2ba29164dbab79d6398e79f7723b41653
  RevenueCat: 946aceaf97c1eee083dd7fad65a0e0d0c64c837e
  RevenuecatPurchasesCapacitor: 2d2511b140ea68cdcb1436652ea70ac9f8017d17

PODFILE CHECKSUM: b07e919443fb796e825ef52ad1eb8bce23d5988d

COCOAPODS: 1.16.2
